{
  "name": "ai algebra linear ",
  "lockfileVersion": 3,
  "requires": true,
  "packages": {
    "": {
      "dependencies": {
        "plotly.js-dist": "^3.4.0"
      }
    },
    "node_modules/plotly.js-dist": {
      "version": "3.4.0",
      "resolved": "https://registry.npmjs.org/plotly.js-dist/-/plotly.js-dist-3.4.0.tgz",
      "integrity": "sha512-oyZNbxfmDTELsV5p4HD4cLWzsIu8w68/cjkde2mxT74gN5pQX7fseEFcpXxPo22RuSOxlP86bG4fj9C1RJNkWQ==",
      "license": "MIT"
    }
  }
}
